
Microsoft Visual Studio Solution File, Format Version 12.00
# Visual Studio Version 17
VisualStudioVersion = 17.4.33122.133
MinimumVisualStudioVersion = 10.0.40219.1
Project("{2150E333-8FDC-42A3-9474-1A3956D46DE8}") = "1 - Layers", "1 - Layers", "{5C44564F-0352-4BC8-AEF5-74C1F8B125D9}"
EndProject
Project("{2150E333-8FDC-42A3-9474-1A3956D46DE8}") = "2 - Database", "2 - Database", "{00DD7F9A-F967-412B-AF55-F460E8455754}"
EndProject
Project("{2150E333-8FDC-42A3-9474-1A3956D46DE8}") = "1.1 - Distributed Services", "1.1 - Distributed Services", "{0DCABD3E-FC0C-4BB7-89B1-496C2C49ACE1}"
EndProject
Project("{2150E333-8FDC-42A3-9474-1A3956D46DE8}") = "1.2 - Application", "1.2 - Application", "{C606D4D5-A76A-494B-8162-20FEE414184A}"
EndProject
Project("{2150E333-8FDC-42A3-9474-1A3956D46DE8}") = "1.3 - Domain", "1.3 - Domain", "{42907FFE-1670-435A-A555-3D6F6210FAC7}"
EndProject
Project("{2150E333-8FDC-42A3-9474-1A3956D46DE8}") = "1.4 - Infrastructure", "1.4 - Infrastructure", "{9408E3AB-1B04-4C78-A2D8-276F1EDE1CF1}"
EndProject
Project("{2150E333-8FDC-42A3-9474-1A3956D46DE8}") = "1.5. - SharedKernel", "1.5. - SharedKernel", "{727F74FF-4DFC-48A2-9BA0-2F4ADE6EFA8F}"
EndProject
Project("{2150E333-8FDC-42A3-9474-1A3956D46DE8}") = "Solution Items", "Solution Items", "{28CDEC0D-A290-4111-9166-3E3BA2750975}"
	ProjectSection(SolutionItems) = preProject
		.gitignore = .gitignore
		Dockerfile = Dockerfile
		nuget.config = nuget.config
	EndProjectSection
EndProject
Project("{9A19103F-16F7-4668-BE54-9A1E7A4F7556}") = "BookingMgmt.Contracts", "BookingMgmt.Contracts\BookingMgmt.Contracts.csproj", "{0F8C8F7E-94CD-4FB0-898A-8ED97B98B846}"
EndProject
Project("{9A19103F-16F7-4668-BE54-9A1E7A4F7556}") = "BookingMgmt.Application", "BookingMgmt.Application\BookingMgmt.Application.csproj", "{62D3F9F6-8FE6-4B1A-9584-F88CDCEE8119}"
EndProject
Project("{9A19103F-16F7-4668-BE54-9A1E7A4F7556}") = "BookingMgmt.Domain", "BookingMgmt.Domain\BookingMgmt.Domain.csproj", "{8D48807F-7D49-4444-95D7-6453AF9C13DF}"
EndProject
Project("{9A19103F-16F7-4668-BE54-9A1E7A4F7556}") = "BookingMgmt.Infrastructure", "BookingMgmt.Infrastructure\BookingMgmt.Infrastructure.csproj", "{EE9E3587-8161-42D0-A1FB-CB06BBFEBCE0}"
EndProject
Project("{9A19103F-16F7-4668-BE54-9A1E7A4F7556}") = "BookingMgmt.SharedKernel", "BookingMgmt.SharedKernel\BookingMgmt.SharedKernel.csproj", "{74770A10-E9D8-435D-BE05-4D6D35B745B4}"
EndProject
Project("{00D1A9C2-B5F0-4AF3-8072-F6C62B433612}") = "BookingMgmt.Database", "BookingMgmt.Database\BookingMgmt.Database.sqlproj", "{6324877B-DF65-4E11-A002-B1E317CD2544}"
EndProject
Project("{9A19103F-16F7-4668-BE54-9A1E7A4F7556}") = "BookingMgmt.CoreWCF.WebService", "BookingMgmt.CoreWCF.WebService\BookingMgmt.CoreWCF.WebService.csproj", "{540B04DD-E089-4B6B-952A-8C912B440F88}"
EndProject
Project("{9A19103F-16F7-4668-BE54-9A1E7A4F7556}") = "BookingMgmt.Application.UnitTest", "BookingMgmt.Application.UnitTest\BookingMgmt.Application.UnitTest.csproj", "{3E05F1B7-0D9B-4A3D-9C48-1B78207F6376}"
EndProject
Project("{9A19103F-16F7-4668-BE54-9A1E7A4F7556}") = "BookingMgmt.Domain.UnitTest", "BookingMgmt.Domain.UnitTest\BookingMgmt.Domain.UnitTest.csproj", "{0EBD3E54-3998-422D-B112-F8854C183DF2}"
EndProject
Project("{FAE04EC0-301F-11D3-BF4B-00C04F79EFBC}") = "BookingMgmt.CoreWCF.WebService.IntegrationTest", "BookingMgmt.CoreWCF.WebService.IntegrationTest\BookingMgmt.CoreWCF.WebService.IntegrationTest.csproj", "{409AD998-05C5-4FBF-B2DE-EF84A111BD0C}"
EndProject
Global
	GlobalSection(SolutionConfigurationPlatforms) = preSolution
		Debug|Any CPU = Debug|Any CPU
		Debug|Mixed Platforms = Debug|Mixed Platforms
		Debug|x86 = Debug|x86
		Release|Any CPU = Release|Any CPU
		Release|Mixed Platforms = Release|Mixed Platforms
		Release|x86 = Release|x86
	EndGlobalSection
	GlobalSection(ProjectConfigurationPlatforms) = postSolution
		{0F8C8F7E-94CD-4FB0-898A-8ED97B98B846}.Debug|Any CPU.ActiveCfg = Debug|Any CPU
		{0F8C8F7E-94CD-4FB0-898A-8ED97B98B846}.Debug|Any CPU.Build.0 = Debug|Any CPU
		{0F8C8F7E-94CD-4FB0-898A-8ED97B98B846}.Debug|Mixed Platforms.ActiveCfg = Debug|Any CPU
		{0F8C8F7E-94CD-4FB0-898A-8ED97B98B846}.Debug|Mixed Platforms.Build.0 = Debug|Any CPU
		{0F8C8F7E-94CD-4FB0-898A-8ED97B98B846}.Debug|x86.ActiveCfg = Debug|Any CPU
		{0F8C8F7E-94CD-4FB0-898A-8ED97B98B846}.Release|Any CPU.ActiveCfg = Release|Any CPU
		{0F8C8F7E-94CD-4FB0-898A-8ED97B98B846}.Release|Any CPU.Build.0 = Release|Any CPU
		{0F8C8F7E-94CD-4FB0-898A-8ED97B98B846}.Release|Mixed Platforms.ActiveCfg = Release|Any CPU
		{0F8C8F7E-94CD-4FB0-898A-8ED97B98B846}.Release|Mixed Platforms.Build.0 = Release|Any CPU
		{0F8C8F7E-94CD-4FB0-898A-8ED97B98B846}.Release|x86.ActiveCfg = Release|Any CPU
		{62D3F9F6-8FE6-4B1A-9584-F88CDCEE8119}.Debug|Any CPU.ActiveCfg = Debug|Any CPU
		{62D3F9F6-8FE6-4B1A-9584-F88CDCEE8119}.Debug|Any CPU.Build.0 = Debug|Any CPU
		{62D3F9F6-8FE6-4B1A-9584-F88CDCEE8119}.Debug|Mixed Platforms.ActiveCfg = Debug|Any CPU
		{62D3F9F6-8FE6-4B1A-9584-F88CDCEE8119}.Debug|Mixed Platforms.Build.0 = Debug|Any CPU
		{62D3F9F6-8FE6-4B1A-9584-F88CDCEE8119}.Debug|x86.ActiveCfg = Debug|Any CPU
		{62D3F9F6-8FE6-4B1A-9584-F88CDCEE8119}.Release|Any CPU.ActiveCfg = Release|Any CPU
		{62D3F9F6-8FE6-4B1A-9584-F88CDCEE8119}.Release|Any CPU.Build.0 = Release|Any CPU
		{62D3F9F6-8FE6-4B1A-9584-F88CDCEE8119}.Release|Mixed Platforms.ActiveCfg = Release|Any CPU
		{62D3F9F6-8FE6-4B1A-9584-F88CDCEE8119}.Release|Mixed Platforms.Build.0 = Release|Any CPU
		{62D3F9F6-8FE6-4B1A-9584-F88CDCEE8119}.Release|x86.ActiveCfg = Release|Any CPU
		{8D48807F-7D49-4444-95D7-6453AF9C13DF}.Debug|Any CPU.ActiveCfg = Debug|Any CPU
		{8D48807F-7D49-4444-95D7-6453AF9C13DF}.Debug|Any CPU.Build.0 = Debug|Any CPU
		{8D48807F-7D49-4444-95D7-6453AF9C13DF}.Debug|Mixed Platforms.ActiveCfg = Debug|Any CPU
		{8D48807F-7D49-4444-95D7-6453AF9C13DF}.Debug|Mixed Platforms.Build.0 = Debug|Any CPU
		{8D48807F-7D49-4444-95D7-6453AF9C13DF}.Debug|x86.ActiveCfg = Debug|Any CPU
		{8D48807F-7D49-4444-95D7-6453AF9C13DF}.Release|Any CPU.ActiveCfg = Release|Any CPU
		{8D48807F-7D49-4444-95D7-6453AF9C13DF}.Release|Any CPU.Build.0 = Release|Any CPU
		{8D48807F-7D49-4444-95D7-6453AF9C13DF}.Release|Mixed Platforms.ActiveCfg = Release|Any CPU
		{8D48807F-7D49-4444-95D7-6453AF9C13DF}.Release|Mixed Platforms.Build.0 = Release|Any CPU
		{8D48807F-7D49-4444-95D7-6453AF9C13DF}.Release|x86.ActiveCfg = Release|Any CPU
		{EE9E3587-8161-42D0-A1FB-CB06BBFEBCE0}.Debug|Any CPU.ActiveCfg = Debug|Any CPU
		{EE9E3587-8161-42D0-A1FB-CB06BBFEBCE0}.Debug|Any CPU.Build.0 = Debug|Any CPU
		{EE9E3587-8161-42D0-A1FB-CB06BBFEBCE0}.Debug|Mixed Platforms.ActiveCfg = Debug|Any CPU
		{EE9E3587-8161-42D0-A1FB-CB06BBFEBCE0}.Debug|Mixed Platforms.Build.0 = Debug|Any CPU
		{EE9E3587-8161-42D0-A1FB-CB06BBFEBCE0}.Debug|x86.ActiveCfg = Debug|Any CPU
		{EE9E3587-8161-42D0-A1FB-CB06BBFEBCE0}.Debug|x86.Build.0 = Debug|Any CPU
		{EE9E3587-8161-42D0-A1FB-CB06BBFEBCE0}.Release|Any CPU.ActiveCfg = Release|Any CPU
		{EE9E3587-8161-42D0-A1FB-CB06BBFEBCE0}.Release|Any CPU.Build.0 = Release|Any CPU
		{EE9E3587-8161-42D0-A1FB-CB06BBFEBCE0}.Release|Mixed Platforms.ActiveCfg = Release|Any CPU
		{EE9E3587-8161-42D0-A1FB-CB06BBFEBCE0}.Release|Mixed Platforms.Build.0 = Release|Any CPU
		{EE9E3587-8161-42D0-A1FB-CB06BBFEBCE0}.Release|x86.ActiveCfg = Release|Any CPU
		{EE9E3587-8161-42D0-A1FB-CB06BBFEBCE0}.Release|x86.Build.0 = Release|Any CPU
		{74770A10-E9D8-435D-BE05-4D6D35B745B4}.Debug|Any CPU.ActiveCfg = Debug|Any CPU
		{74770A10-E9D8-435D-BE05-4D6D35B745B4}.Debug|Any CPU.Build.0 = Debug|Any CPU
		{74770A10-E9D8-435D-BE05-4D6D35B745B4}.Debug|Mixed Platforms.ActiveCfg = Debug|Any CPU
		{74770A10-E9D8-435D-BE05-4D6D35B745B4}.Debug|Mixed Platforms.Build.0 = Debug|Any CPU
		{74770A10-E9D8-435D-BE05-4D6D35B745B4}.Debug|x86.ActiveCfg = Debug|Any CPU
		{74770A10-E9D8-435D-BE05-4D6D35B745B4}.Debug|x86.Build.0 = Debug|Any CPU
		{74770A10-E9D8-435D-BE05-4D6D35B745B4}.Release|Any CPU.ActiveCfg = Release|Any CPU
		{74770A10-E9D8-435D-BE05-4D6D35B745B4}.Release|Any CPU.Build.0 = Release|Any CPU
		{74770A10-E9D8-435D-BE05-4D6D35B745B4}.Release|Mixed Platforms.ActiveCfg = Release|Any CPU
		{74770A10-E9D8-435D-BE05-4D6D35B745B4}.Release|Mixed Platforms.Build.0 = Release|Any CPU
		{74770A10-E9D8-435D-BE05-4D6D35B745B4}.Release|x86.ActiveCfg = Release|Any CPU
		{74770A10-E9D8-435D-BE05-4D6D35B745B4}.Release|x86.Build.0 = Release|Any CPU
		{6324877B-DF65-4E11-A002-B1E317CD2544}.Debug|Any CPU.ActiveCfg = Debug|Any CPU
		{6324877B-DF65-4E11-A002-B1E317CD2544}.Debug|Any CPU.Build.0 = Debug|Any CPU
		{6324877B-DF65-4E11-A002-B1E317CD2544}.Debug|Any CPU.Deploy.0 = Debug|Any CPU
		{6324877B-DF65-4E11-A002-B1E317CD2544}.Debug|Mixed Platforms.ActiveCfg = Debug|Any CPU
		{6324877B-DF65-4E11-A002-B1E317CD2544}.Debug|Mixed Platforms.Build.0 = Debug|Any CPU
		{6324877B-DF65-4E11-A002-B1E317CD2544}.Debug|Mixed Platforms.Deploy.0 = Debug|Any CPU
		{6324877B-DF65-4E11-A002-B1E317CD2544}.Debug|x86.ActiveCfg = Debug|Any CPU
		{6324877B-DF65-4E11-A002-B1E317CD2544}.Debug|x86.Build.0 = Debug|Any CPU
		{6324877B-DF65-4E11-A002-B1E317CD2544}.Debug|x86.Deploy.0 = Debug|Any CPU
		{6324877B-DF65-4E11-A002-B1E317CD2544}.Release|Any CPU.ActiveCfg = Release|Any CPU
		{6324877B-DF65-4E11-A002-B1E317CD2544}.Release|Any CPU.Build.0 = Release|Any CPU
		{6324877B-DF65-4E11-A002-B1E317CD2544}.Release|Any CPU.Deploy.0 = Release|Any CPU
		{6324877B-DF65-4E11-A002-B1E317CD2544}.Release|Mixed Platforms.ActiveCfg = Release|Any CPU
		{6324877B-DF65-4E11-A002-B1E317CD2544}.Release|Mixed Platforms.Build.0 = Release|Any CPU
		{6324877B-DF65-4E11-A002-B1E317CD2544}.Release|Mixed Platforms.Deploy.0 = Release|Any CPU
		{6324877B-DF65-4E11-A002-B1E317CD2544}.Release|x86.ActiveCfg = Release|Any CPU
		{6324877B-DF65-4E11-A002-B1E317CD2544}.Release|x86.Build.0 = Release|Any CPU
		{6324877B-DF65-4E11-A002-B1E317CD2544}.Release|x86.Deploy.0 = Release|Any CPU
		{540B04DD-E089-4B6B-952A-8C912B440F88}.Debug|Any CPU.ActiveCfg = Debug|Any CPU
		{540B04DD-E089-4B6B-952A-8C912B440F88}.Debug|Any CPU.Build.0 = Debug|Any CPU
		{540B04DD-E089-4B6B-952A-8C912B440F88}.Debug|Mixed Platforms.ActiveCfg = Debug|Any CPU
		{540B04DD-E089-4B6B-952A-8C912B440F88}.Debug|Mixed Platforms.Build.0 = Debug|Any CPU
		{540B04DD-E089-4B6B-952A-8C912B440F88}.Debug|x86.ActiveCfg = Debug|Any CPU
		{540B04DD-E089-4B6B-952A-8C912B440F88}.Debug|x86.Build.0 = Debug|Any CPU
		{540B04DD-E089-4B6B-952A-8C912B440F88}.Release|Any CPU.ActiveCfg = Release|Any CPU
		{540B04DD-E089-4B6B-952A-8C912B440F88}.Release|Any CPU.Build.0 = Release|Any CPU
		{540B04DD-E089-4B6B-952A-8C912B440F88}.Release|Mixed Platforms.ActiveCfg = Release|Any CPU
		{540B04DD-E089-4B6B-952A-8C912B440F88}.Release|Mixed Platforms.Build.0 = Release|Any CPU
		{540B04DD-E089-4B6B-952A-8C912B440F88}.Release|x86.ActiveCfg = Release|Any CPU
		{540B04DD-E089-4B6B-952A-8C912B440F88}.Release|x86.Build.0 = Release|Any CPU
		{3E05F1B7-0D9B-4A3D-9C48-1B78207F6376}.Debug|Any CPU.ActiveCfg = Debug|Any CPU
		{3E05F1B7-0D9B-4A3D-9C48-1B78207F6376}.Debug|Any CPU.Build.0 = Debug|Any CPU
		{3E05F1B7-0D9B-4A3D-9C48-1B78207F6376}.Debug|Mixed Platforms.ActiveCfg = Debug|Any CPU
		{3E05F1B7-0D9B-4A3D-9C48-1B78207F6376}.Debug|Mixed Platforms.Build.0 = Debug|Any CPU
		{3E05F1B7-0D9B-4A3D-9C48-1B78207F6376}.Debug|x86.ActiveCfg = Debug|Any CPU
		{3E05F1B7-0D9B-4A3D-9C48-1B78207F6376}.Debug|x86.Build.0 = Debug|Any CPU
		{3E05F1B7-0D9B-4A3D-9C48-1B78207F6376}.Release|Any CPU.ActiveCfg = Release|Any CPU
		{3E05F1B7-0D9B-4A3D-9C48-1B78207F6376}.Release|Any CPU.Build.0 = Release|Any CPU
		{3E05F1B7-0D9B-4A3D-9C48-1B78207F6376}.Release|Mixed Platforms.ActiveCfg = Release|Any CPU
		{3E05F1B7-0D9B-4A3D-9C48-1B78207F6376}.Release|Mixed Platforms.Build.0 = Release|Any CPU
		{3E05F1B7-0D9B-4A3D-9C48-1B78207F6376}.Release|x86.ActiveCfg = Release|Any CPU
		{3E05F1B7-0D9B-4A3D-9C48-1B78207F6376}.Release|x86.Build.0 = Release|Any CPU
		{0EBD3E54-3998-422D-B112-F8854C183DF2}.Debug|Any CPU.ActiveCfg = Debug|Any CPU
		{0EBD3E54-3998-422D-B112-F8854C183DF2}.Debug|Any CPU.Build.0 = Debug|Any CPU
		{0EBD3E54-3998-422D-B112-F8854C183DF2}.Debug|Mixed Platforms.ActiveCfg = Debug|Any CPU
		{0EBD3E54-3998-422D-B112-F8854C183DF2}.Debug|Mixed Platforms.Build.0 = Debug|Any CPU
		{0EBD3E54-3998-422D-B112-F8854C183DF2}.Debug|x86.ActiveCfg = Debug|Any CPU
		{0EBD3E54-3998-422D-B112-F8854C183DF2}.Debug|x86.Build.0 = Debug|Any CPU
		{0EBD3E54-3998-422D-B112-F8854C183DF2}.Release|Any CPU.ActiveCfg = Release|Any CPU
		{0EBD3E54-3998-422D-B112-F8854C183DF2}.Release|Any CPU.Build.0 = Release|Any CPU
		{0EBD3E54-3998-422D-B112-F8854C183DF2}.Release|Mixed Platforms.ActiveCfg = Release|Any CPU
		{0EBD3E54-3998-422D-B112-F8854C183DF2}.Release|Mixed Platforms.Build.0 = Release|Any CPU
		{0EBD3E54-3998-422D-B112-F8854C183DF2}.Release|x86.ActiveCfg = Release|Any CPU
		{0EBD3E54-3998-422D-B112-F8854C183DF2}.Release|x86.Build.0 = Release|Any CPU
		{409AD998-05C5-4FBF-B2DE-EF84A111BD0C}.Debug|Any CPU.ActiveCfg = Debug|Any CPU
		{409AD998-05C5-4FBF-B2DE-EF84A111BD0C}.Debug|Any CPU.Build.0 = Debug|Any CPU
		{409AD998-05C5-4FBF-B2DE-EF84A111BD0C}.Debug|Mixed Platforms.ActiveCfg = Debug|Any CPU
		{409AD998-05C5-4FBF-B2DE-EF84A111BD0C}.Debug|Mixed Platforms.Build.0 = Debug|Any CPU
		{409AD998-05C5-4FBF-B2DE-EF84A111BD0C}.Debug|x86.ActiveCfg = Debug|Any CPU
		{409AD998-05C5-4FBF-B2DE-EF84A111BD0C}.Debug|x86.Build.0 = Debug|Any CPU
		{409AD998-05C5-4FBF-B2DE-EF84A111BD0C}.Release|Any CPU.ActiveCfg = Release|Any CPU
		{409AD998-05C5-4FBF-B2DE-EF84A111BD0C}.Release|Any CPU.Build.0 = Release|Any CPU
		{409AD998-05C5-4FBF-B2DE-EF84A111BD0C}.Release|Mixed Platforms.ActiveCfg = Release|Any CPU
		{409AD998-05C5-4FBF-B2DE-EF84A111BD0C}.Release|Mixed Platforms.Build.0 = Release|Any CPU
		{409AD998-05C5-4FBF-B2DE-EF84A111BD0C}.Release|x86.ActiveCfg = Release|Any CPU
		{409AD998-05C5-4FBF-B2DE-EF84A111BD0C}.Release|x86.Build.0 = Release|Any CPU
	EndGlobalSection
	GlobalSection(SolutionProperties) = preSolution
		HideSolutionNode = FALSE
	EndGlobalSection
	GlobalSection(NestedProjects) = preSolution
		{0DCABD3E-FC0C-4BB7-89B1-496C2C49ACE1} = {5C44564F-0352-4BC8-AEF5-74C1F8B125D9}
		{C606D4D5-A76A-494B-8162-20FEE414184A} = {5C44564F-0352-4BC8-AEF5-74C1F8B125D9}
		{42907FFE-1670-435A-A555-3D6F6210FAC7} = {5C44564F-0352-4BC8-AEF5-74C1F8B125D9}
		{9408E3AB-1B04-4C78-A2D8-276F1EDE1CF1} = {5C44564F-0352-4BC8-AEF5-74C1F8B125D9}
		{727F74FF-4DFC-48A2-9BA0-2F4ADE6EFA8F} = {5C44564F-0352-4BC8-AEF5-74C1F8B125D9}
		{0F8C8F7E-94CD-4FB0-898A-8ED97B98B846} = {C606D4D5-A76A-494B-8162-20FEE414184A}
		{62D3F9F6-8FE6-4B1A-9584-F88CDCEE8119} = {C606D4D5-A76A-494B-8162-20FEE414184A}
		{8D48807F-7D49-4444-95D7-6453AF9C13DF} = {42907FFE-1670-435A-A555-3D6F6210FAC7}
		{EE9E3587-8161-42D0-A1FB-CB06BBFEBCE0} = {9408E3AB-1B04-4C78-A2D8-276F1EDE1CF1}
		{74770A10-E9D8-435D-BE05-4D6D35B745B4} = {727F74FF-4DFC-48A2-9BA0-2F4ADE6EFA8F}
		{6324877B-DF65-4E11-A002-B1E317CD2544} = {00DD7F9A-F967-412B-AF55-F460E8455754}
		{540B04DD-E089-4B6B-952A-8C912B440F88} = {0DCABD3E-FC0C-4BB7-89B1-496C2C49ACE1}
		{3E05F1B7-0D9B-4A3D-9C48-1B78207F6376} = {C606D4D5-A76A-494B-8162-20FEE414184A}
		{0EBD3E54-3998-422D-B112-F8854C183DF2} = {42907FFE-1670-435A-A555-3D6F6210FAC7}
		{409AD998-05C5-4FBF-B2DE-EF84A111BD0C} = {0DCABD3E-FC0C-4BB7-89B1-496C2C49ACE1}
	EndGlobalSection
	GlobalSection(ExtensibilityGlobals) = postSolution
		SolutionGuid = {115E5E3B-04C0-4986-83AE-BC85468FBA8F}
	EndGlobalSection
EndGlobal
